
Microsoft Visual Studio Solution File, Format Version 12.00
# Visual Studio Version 17
VisualStudioVersion = 17.4.33110.190
MinimumVisualStudioVersion = 10.0.40219.1
Project("{FAE04EC0-301F-11D3-BF4B-00C04F79EFBC}") = "MobileDevice_Project", "MobileDevice_Project\MobileDevice_Project.csproj", "{71E8C565-6A3E-44DE-8BED-50F1685853A0}"
EndProject
Global
	GlobalSection(SolutionConfigurationPlatforms) = preSolution
		Debug|Any CPU = Debug|Any CPU
		Release|Any CPU = Release|Any CPU
	EndGlobalSection
	GlobalSection(ProjectConfigurationPlatforms) = postSolution
		{71E8C565-6A3E-44DE-8BED-50F1685853A0}.Debug|Any CPU.ActiveCfg = Debug|Any CPU
		{71E8C565-6A3E-44DE-8BED-50F1685853A0}.Debug|Any CPU.Build.0 = Debug|Any CPU
		{71E8C565-6A3E-44DE-8BED-50F1685853A0}.Release|Any CPU.ActiveCfg = Release|Any CPU
		{71E8C565-6A3E-44DE-8BED-50F1685853A0}.Release|Any CPU.Build.0 = Release|Any CPU
	EndGlobalSection
	GlobalSection(SolutionProperties) = preSolution
		HideSolutionNode = FALSE
	EndGlobalSection
	GlobalSection(ExtensibilityGlobals) = postSolution
		SolutionGuid = {F2D1FB91-E288-4078-9547-01E652B3B603}
	EndGlobalSection
EndGlobal
